
Microsoft Visual Studio Solution File, Format Version 12.00
# Visual Studio 2012
Project("{2150E333-8FDC-42A3-9474-1A3956D46DE8}") = "01 OperatorOverloading", "01 OperatorOverloading", "{38004B56-B211-448A-A796-E0AB3C6778A2}"
EndProject
Project("{2150E333-8FDC-42A3-9474-1A3956D46DE8}") = "04 WebServer", "04 WebServer", "{ED408C9E-EF5C-4379-A66D-235508AC9073}"
EndProject
Project("{FAE04EC0-301F-11D3-BF4B-00C04F79EFBC}") = "OperatorOverloading.Host", "01 OperatorOverloading\OperatorOverloading.Host\OperatorOverloading.Host.csproj", "{2326F64C-97E2-45C0-8D6B-16E339B11105}"
EndProject
Project("{FAE04EC0-301F-11D3-BF4B-00C04F79EFBC}") = "OperatorOverloading.Model", "01 OperatorOverloading\OperatorOverloading.Model\OperatorOverloading.Model.csproj", "{83DBE735-A2A9-45E7-BB7C-CCAFD5E13BD2}"
EndProject
Project("{FAE04EC0-301F-11D3-BF4B-00C04F79EFBC}") = "OperatorOverloading.dbl", "01 OperatorOverloading\OperatorOverloading.dbl\OperatorOverloading.dbl.csproj", "{905EF29B-75CC-4BF5-A9E0-6B52A8DDFCF1}"
EndProject
Global
	GlobalSection(SolutionConfigurationPlatforms) = preSolution
		Debug|Any CPU = Debug|Any CPU
		Release|Any CPU = Release|Any CPU
	EndGlobalSection
	GlobalSection(ProjectConfigurationPlatforms) = postSolution
		{2326F64C-97E2-45C0-8D6B-16E339B11105}.Debug|Any CPU.ActiveCfg = Debug|Any CPU
		{2326F64C-97E2-45C0-8D6B-16E339B11105}.Debug|Any CPU.Build.0 = Debug|Any CPU
		{2326F64C-97E2-45C0-8D6B-16E339B11105}.Release|Any CPU.ActiveCfg = Release|Any CPU
		{2326F64C-97E2-45C0-8D6B-16E339B11105}.Release|Any CPU.Build.0 = Release|Any CPU
		{83DBE735-A2A9-45E7-BB7C-CCAFD5E13BD2}.Debug|Any CPU.ActiveCfg = Debug|Any CPU
		{83DBE735-A2A9-45E7-BB7C-CCAFD5E13BD2}.Debug|Any CPU.Build.0 = Debug|Any CPU
		{83DBE735-A2A9-45E7-BB7C-CCAFD5E13BD2}.Release|Any CPU.ActiveCfg = Release|Any CPU
		{83DBE735-A2A9-45E7-BB7C-CCAFD5E13BD2}.Release|Any CPU.Build.0 = Release|Any CPU
		{905EF29B-75CC-4BF5-A9E0-6B52A8DDFCF1}.Debug|Any CPU.ActiveCfg = Debug|Any CPU
		{905EF29B-75CC-4BF5-A9E0-6B52A8DDFCF1}.Debug|Any CPU.Build.0 = Debug|Any CPU
		{905EF29B-75CC-4BF5-A9E0-6B52A8DDFCF1}.Release|Any CPU.ActiveCfg = Release|Any CPU
		{905EF29B-75CC-4BF5-A9E0-6B52A8DDFCF1}.Release|Any CPU.Build.0 = Release|Any CPU
	EndGlobalSection
	GlobalSection(SolutionProperties) = preSolution
		HideSolutionNode = FALSE
	EndGlobalSection
	GlobalSection(NestedProjects) = preSolution
		{2326F64C-97E2-45C0-8D6B-16E339B11105} = {38004B56-B211-448A-A796-E0AB3C6778A2}
		{83DBE735-A2A9-45E7-BB7C-CCAFD5E13BD2} = {38004B56-B211-448A-A796-E0AB3C6778A2}
		{905EF29B-75CC-4BF5-A9E0-6B52A8DDFCF1} = {38004B56-B211-448A-A796-E0AB3C6778A2}
	EndGlobalSection
EndGlobal
