
Microsoft Visual Studio Solution File, Format Version 12.00
# Visual Studio 2013
VisualStudioVersion = 12.0.21005.1
MinimumVisualStudioVersion = 10.0.40219.1
Project("{FAE04EC0-301F-11D3-BF4B-00C04F79EFBC}") = "Tavisca.EmployeeServices", "Tavisca.EmployeeServices\Tavisca.EmployeeServices.csproj", "{B04D886E-A6C2-49D0-95CB-FFEDF6F20848}"
EndProject
Project("{FAE04EC0-301F-11D3-BF4B-00C04F79EFBC}") = "Tavisca.Employee.DAL", "..\Tavisca.Employee.DAL\Tavisca.Employee.DAL\Tavisca.Employee.DAL.csproj", "{4E5498A5-4D86-4D07-8175-75387E41D4B7}"
EndProject
Project("{FAE04EC0-301F-11D3-BF4B-00C04F79EFBC}") = "Tavisca.Employee.BusinessLogic", "..\Tavisca.Employee.BusinessLogic\Tavisca.Employee.BusinessLogic\Tavisca.Employee.BusinessLogic.csproj", "{14874F20-C2EC-4339-9FF7-16EB771C025B}"
EndProject
Global
	GlobalSection(SolutionConfigurationPlatforms) = preSolution
		Debug|Any CPU = Debug|Any CPU
		Release|Any CPU = Release|Any CPU
	EndGlobalSection
	GlobalSection(ProjectConfigurationPlatforms) = postSolution
		{B04D886E-A6C2-49D0-95CB-FFEDF6F20848}.Debug|Any CPU.ActiveCfg = Debug|Any CPU
		{B04D886E-A6C2-49D0-95CB-FFEDF6F20848}.Debug|Any CPU.Build.0 = Debug|Any CPU
		{B04D886E-A6C2-49D0-95CB-FFEDF6F20848}.Release|Any CPU.ActiveCfg = Release|Any CPU
		{B04D886E-A6C2-49D0-95CB-FFEDF6F20848}.Release|Any CPU.Build.0 = Release|Any CPU
		{4E5498A5-4D86-4D07-8175-75387E41D4B7}.Debug|Any CPU.ActiveCfg = Debug|Any CPU
		{4E5498A5-4D86-4D07-8175-75387E41D4B7}.Debug|Any CPU.Build.0 = Debug|Any CPU
		{4E5498A5-4D86-4D07-8175-75387E41D4B7}.Release|Any CPU.ActiveCfg = Release|Any CPU
		{4E5498A5-4D86-4D07-8175-75387E41D4B7}.Release|Any CPU.Build.0 = Release|Any CPU
		{14874F20-C2EC-4339-9FF7-16EB771C025B}.Debug|Any CPU.ActiveCfg = Debug|Any CPU
		{14874F20-C2EC-4339-9FF7-16EB771C025B}.Debug|Any CPU.Build.0 = Debug|Any CPU
		{14874F20-C2EC-4339-9FF7-16EB771C025B}.Release|Any CPU.ActiveCfg = Release|Any CPU
		{14874F20-C2EC-4339-9FF7-16EB771C025B}.Release|Any CPU.Build.0 = Release|Any CPU
	EndGlobalSection
	GlobalSection(SolutionProperties) = preSolution
		HideSolutionNode = FALSE
	EndGlobalSection
EndGlobal
